
Microsoft Visual Studio Solution File, Format Version 12.00
# Visual Studio Version 16
VisualStudioVersion = 16.0.29709.97
MinimumVisualStudioVersion = 10.0.40219.1
Project("{FAE04EC0-301F-11D3-BF4B-00C04F79EFBC}") = "NewsBotProject", "ConsoleApp1\NewsBotProject.csproj", "{D17FD1C3-8A83-43C9-B651-FF75715D4A41}"
EndProject
Global
	GlobalSection(SolutionConfigurationPlatforms) = preSolution
		Debug|Any CPU = Debug|Any CPU
		Release|Any CPU = Release|Any CPU
	EndGlobalSection
	GlobalSection(ProjectConfigurationPlatforms) = postSolution
		{D17FD1C3-8A83-43C9-B651-FF75715D4A41}.Debug|Any CPU.ActiveCfg = Debug|Any CPU
		{D17FD1C3-8A83-43C9-B651-FF75715D4A41}.Debug|Any CPU.Build.0 = Debug|Any CPU
		{D17FD1C3-8A83-43C9-B651-FF75715D4A41}.Release|Any CPU.ActiveCfg = Release|Any CPU
		{D17FD1C3-8A83-43C9-B651-FF75715D4A41}.Release|Any CPU.Build.0 = Release|Any CPU
	EndGlobalSection
	GlobalSection(SolutionProperties) = preSolution
		HideSolutionNode = FALSE
	EndGlobalSection
	GlobalSection(ExtensibilityGlobals) = postSolution
		SolutionGuid = {D4B92712-698B-4E0B-9EF9-ED5D5B372204}
	EndGlobalSection
EndGlobal
